
Microsoft Visual Studio Solution File, Format Version 12.00
# Visual Studio Version 16
VisualStudioVersion = 16.0.31112.23
MinimumVisualStudioVersion = 10.0.40219.1
Project("{FAE04EC0-301F-11D3-BF4B-00C04F79EFBC}") = "BowlingLeague", "BowlingLeague.csproj", "{EB75610B-1306-4463-B310-BB6673F99E6F}"
EndProject
Global
	GlobalSection(SolutionConfigurationPlatforms) = preSolution
		Debug|Any CPU = Debug|Any CPU
		Release|Any CPU = Release|Any CPU
	EndGlobalSection
	GlobalSection(ProjectConfigurationPlatforms) = postSolution
		{EB75610B-1306-4463-B310-BB6673F99E6F}.Debug|Any CPU.ActiveCfg = Debug|Any CPU
		{EB75610B-1306-4463-B310-BB6673F99E6F}.Debug|Any CPU.Build.0 = Debug|Any CPU
		{EB75610B-1306-4463-B310-BB6673F99E6F}.Release|Any CPU.ActiveCfg = Release|Any CPU
		{EB75610B-1306-4463-B310-BB6673F99E6F}.Release|Any CPU.Build.0 = Release|Any CPU
	EndGlobalSection
	GlobalSection(SolutionProperties) = preSolution
		HideSolutionNode = FALSE
	EndGlobalSection
	GlobalSection(ExtensibilityGlobals) = postSolution
		SolutionGuid = {BADA5DA8-7189-42B6-B5C4-C151D83F0F6A}
	EndGlobalSection
EndGlobal
